
Microsoft Visual Studio Solution File, Format Version 12.00
# Visual Studio Version 16
VisualStudioVersion = 16.0.30611.23
MinimumVisualStudioVersion = 10.0.40219.1
Project("{FAE04EC0-301F-11D3-BF4B-00C04F79EFBC}") = "trackbarzad", "trackbarzad\trackbarzad.csproj", "{84DAB3B7-42D4-419C-A486-EB952C458F7D}"
EndProject
Global
	GlobalSection(SolutionConfigurationPlatforms) = preSolution
		Debug|Any CPU = Debug|Any CPU
		Release|Any CPU = Release|Any CPU
	EndGlobalSection
	GlobalSection(ProjectConfigurationPlatforms) = postSolution
		{84DAB3B7-42D4-419C-A486-EB952C458F7D}.Debug|Any CPU.ActiveCfg = Debug|Any CPU
		{84DAB3B7-42D4-419C-A486-EB952C458F7D}.Debug|Any CPU.Build.0 = Debug|Any CPU
		{84DAB3B7-42D4-419C-A486-EB952C458F7D}.Release|Any CPU.ActiveCfg = Release|Any CPU
		{84DAB3B7-42D4-419C-A486-EB952C458F7D}.Release|Any CPU.Build.0 = Release|Any CPU
	EndGlobalSection
	GlobalSection(SolutionProperties) = preSolution
		HideSolutionNode = FALSE
	EndGlobalSection
	GlobalSection(ExtensibilityGlobals) = postSolution
		SolutionGuid = {8F52C2D2-59C5-462B-9E00-28F5074BCFE0}
	EndGlobalSection
EndGlobal
